
Microsoft Visual Studio Solution File, Format Version 12.00
# Visual Studio Version 16
VisualStudioVersion = 16.0.33214.272
MinimumVisualStudioVersion = 10.0.40219.1
Project("{FAE04EC0-301F-11D3-BF4B-00C04F79EFBC}") = "nestingGAF", "nestingGAF.csproj", "{12867A28-468F-4C14-A307-9717711B06F1}"
EndProject
Global
	GlobalSection(SolutionConfigurationPlatforms) = preSolution
		Debug|Any CPU = Debug|Any CPU
		Release|Any CPU = Release|Any CPU
	EndGlobalSection
	GlobalSection(ProjectConfigurationPlatforms) = postSolution
		{12867A28-468F-4C14-A307-9717711B06F1}.Debug|Any CPU.ActiveCfg = Debug|Any CPU
		{12867A28-468F-4C14-A307-9717711B06F1}.Debug|Any CPU.Build.0 = Debug|Any CPU
		{12867A28-468F-4C14-A307-9717711B06F1}.Release|Any CPU.ActiveCfg = Release|Any CPU
		{12867A28-468F-4C14-A307-9717711B06F1}.Release|Any CPU.Build.0 = Release|Any CPU
	EndGlobalSection
	GlobalSection(SolutionProperties) = preSolution
		HideSolutionNode = FALSE
	EndGlobalSection
	GlobalSection(ExtensibilityGlobals) = postSolution
		SolutionGuid = {6A7C3654-C42F-4877-8A12-B8EB83D347FB}
	EndGlobalSection
EndGlobal
